
Microsoft Visual Studio Solution File, Format Version 12.00
# Visual Studio Version 17
VisualStudioVersion = 17.1.32210.238
MinimumVisualStudioVersion = 10.0.40219.1
Project("{E24C65DC-7377-472B-9ABA-BC803B73C61A}") = "formylove", ".", "{0638EBAF-EF06-47DB-A6EE-070BB0221987}"
	ProjectSection(WebsiteProperties) = preProject
		TargetFrameworkMoniker = ".NETFramework,Version%3Dv4.8"
		Debug.AspNetCompiler.VirtualPath = "/localhost_56313"
		Debug.AspNetCompiler.PhysicalPath = "..\..\..\Desktop\boVgjW\"
		Debug.AspNetCompiler.TargetPath = "PrecompiledWeb\localhost_56313\"
		Debug.AspNetCompiler.Updateable = "true"
		Debug.AspNetCompiler.ForceOverwrite = "true"
		Debug.AspNetCompiler.FixedNames = "false"
		Debug.AspNetCompiler.Debug = "True"
		Release.AspNetCompiler.VirtualPath = "/localhost_56313"
		Release.AspNetCompiler.PhysicalPath = "..\..\..\Desktop\boVgjW\"
		Release.AspNetCompiler.TargetPath = "PrecompiledWeb\localhost_56313\"
		Release.AspNetCompiler.Updateable = "true"
		Release.AspNetCompiler.ForceOverwrite = "true"
		Release.AspNetCompiler.FixedNames = "false"
		Release.AspNetCompiler.Debug = "False"
		VWDPort = "56313"
	EndProjectSection
EndProject
Global
	GlobalSection(SolutionConfigurationPlatforms) = preSolution
		Debug|Any CPU = Debug|Any CPU
	EndGlobalSection
	GlobalSection(ProjectConfigurationPlatforms) = postSolution
		{0638EBAF-EF06-47DB-A6EE-070BB0221987}.Debug|Any CPU.ActiveCfg = Debug|Any CPU
		{0638EBAF-EF06-47DB-A6EE-070BB0221987}.Debug|Any CPU.Build.0 = Debug|Any CPU
	EndGlobalSection
	GlobalSection(SolutionProperties) = preSolution
		HideSolutionNode = FALSE
	EndGlobalSection
	GlobalSection(ExtensibilityGlobals) = postSolution
		SolutionGuid = {A6CFA433-706A-4E4B-83DF-70FFAADEA085}
	EndGlobalSection
EndGlobal
